
Microsoft Visual Studio Solution File, Format Version 12.00
Project("{2150E333-8FDC-42A3-9474-1A3956D46DE8}") = "src", "src", "{9812E5BA-409A-470F-91EC-A6D4BE99F7F6}"
EndProject
Project("{FAE04EC0-301F-11D3-BF4B-00C04F79EFBC}") = "Domain", "Domain\Domain.csproj", "{CCA433B2-DD5E-4952-BDD9-9C3816F7336F}"
EndProject
Project("{FAE04EC0-301F-11D3-BF4B-00C04F79EFBC}") = "Application", "Application\Application.csproj", "{ABCEF149-BEBF-450D-9B1C-3C7068344EDA}"
EndProject
Global
	GlobalSection(SolutionConfigurationPlatforms) = preSolution
		Debug|Any CPU = Debug|Any CPU
		Release|Any CPU = Release|Any CPU
	EndGlobalSection
	GlobalSection(ProjectConfigurationPlatforms) = postSolution
		{CCA433B2-DD5E-4952-BDD9-9C3816F7336F}.Debug|Any CPU.ActiveCfg = Debug|Any CPU
		{CCA433B2-DD5E-4952-BDD9-9C3816F7336F}.Debug|Any CPU.Build.0 = Debug|Any CPU
		{CCA433B2-DD5E-4952-BDD9-9C3816F7336F}.Release|Any CPU.ActiveCfg = Release|Any CPU
		{CCA433B2-DD5E-4952-BDD9-9C3816F7336F}.Release|Any CPU.Build.0 = Release|Any CPU
		{ABCEF149-BEBF-450D-9B1C-3C7068344EDA}.Debug|Any CPU.ActiveCfg = Debug|Any CPU
		{ABCEF149-BEBF-450D-9B1C-3C7068344EDA}.Debug|Any CPU.Build.0 = Debug|Any CPU
		{ABCEF149-BEBF-450D-9B1C-3C7068344EDA}.Release|Any CPU.ActiveCfg = Release|Any CPU
		{ABCEF149-BEBF-450D-9B1C-3C7068344EDA}.Release|Any CPU.Build.0 = Release|Any CPU
	EndGlobalSection
	GlobalSection(NestedProjects) = preSolution
		{CCA433B2-DD5E-4952-BDD9-9C3816F7336F} = {9812E5BA-409A-470F-91EC-A6D4BE99F7F6}
		{ABCEF149-BEBF-450D-9B1C-3C7068344EDA} = {9812E5BA-409A-470F-91EC-A6D4BE99F7F6}
	EndGlobalSection
EndGlobal
